
Microsoft Visual Studio Solution File, Format Version 12.00
# Visual Studio Version 17
VisualStudioVersion = 17.0.31903.59
MinimumVisualStudioVersion = 10.0.40219.1
Project("{2150E333-8FDC-42A3-9474-1A3956D46DE8}") = "3 - Domain", "3 - Domain", "{8E8A07CA-FF2E-46B6-B8A5-B32E8B3A81E9}"
EndProject
Project("{FAE04EC0-301F-11D3-BF4B-00C04F79EFBC}") = "MetaFinance.Domain", "src\MetaFinance.Domain\MetaFinance.Domain.csproj", "{BEE0ACBD-496B-437B-B56A-FBDF8AA98D67}"
EndProject
Global
	GlobalSection(SolutionConfigurationPlatforms) = preSolution
		Debug|Any CPU = Debug|Any CPU
		Release|Any CPU = Release|Any CPU
	EndGlobalSection
	GlobalSection(ProjectConfigurationPlatforms) = postSolution
		{BEE0ACBD-496B-437B-B56A-FBDF8AA98D67}.Debug|Any CPU.ActiveCfg = Debug|Any CPU
		{BEE0ACBD-496B-437B-B56A-FBDF8AA98D67}.Debug|Any CPU.Build.0 = Debug|Any CPU
		{BEE0ACBD-496B-437B-B56A-FBDF8AA98D67}.Release|Any CPU.ActiveCfg = Release|Any CPU
		{BEE0ACBD-496B-437B-B56A-FBDF8AA98D67}.Release|Any CPU.Build.0 = Release|Any CPU
	EndGlobalSection
	GlobalSection(SolutionProperties) = preSolution
		HideSolutionNode = FALSE
	EndGlobalSection
	GlobalSection(NestedProjects) = preSolution
		{BEE0ACBD-496B-437B-B56A-FBDF8AA98D67} = {8E8A07CA-FF2E-46B6-B8A5-B32E8B3A81E9}
	EndGlobalSection
EndGlobal
